
Microsoft Visual Studio Solution File, Format Version 12.00
Project("{FAE04EC0-301F-11D3-BF4B-00C04F79EFBC}") = "FitnessTracker", "FitnessTracker\FitnessTracker.csproj", "{3F4F293A-1BFA-42E8-82B7-FE073205748C}"
EndProject
Global
	GlobalSection(SolutionConfigurationPlatforms) = preSolution
		Debug|Any CPU = Debug|Any CPU
		Release|Any CPU = Release|Any CPU
	EndGlobalSection
	GlobalSection(ProjectConfigurationPlatforms) = postSolution
		{3F4F293A-1BFA-42E8-82B7-FE073205748C}.Debug|Any CPU.ActiveCfg = Debug|Any CPU
		{3F4F293A-1BFA-42E8-82B7-FE073205748C}.Debug|Any CPU.Build.0 = Debug|Any CPU
		{3F4F293A-1BFA-42E8-82B7-FE073205748C}.Release|Any CPU.ActiveCfg = Release|Any CPU
		{3F4F293A-1BFA-42E8-82B7-FE073205748C}.Release|Any CPU.Build.0 = Release|Any CPU
	EndGlobalSection
EndGlobal
